
Microsoft Visual Studio Solution File, Format Version 12.00
# Visual Studio Version 17
VisualStudioVersion = 17.8.34330.188
MinimumVisualStudioVersion = 10.0.40219.1
Project("{FAE04EC0-301F-11D3-BF4B-00C04F79EFBC}") = "January 15 2024", "January 15 2024.csproj", "{0A9D6846-CF49-45EF-916E-3E0A823EEAD5}"
EndProject
Global
	GlobalSection(SolutionConfigurationPlatforms) = preSolution
		Debug|Any CPU = Debug|Any CPU
		Release|Any CPU = Release|Any CPU
	EndGlobalSection
	GlobalSection(ProjectConfigurationPlatforms) = postSolution
		{0A9D6846-CF49-45EF-916E-3E0A823EEAD5}.Debug|Any CPU.ActiveCfg = Debug|Any CPU
		{0A9D6846-CF49-45EF-916E-3E0A823EEAD5}.Debug|Any CPU.Build.0 = Debug|Any CPU
		{0A9D6846-CF49-45EF-916E-3E0A823EEAD5}.Release|Any CPU.ActiveCfg = Release|Any CPU
		{0A9D6846-CF49-45EF-916E-3E0A823EEAD5}.Release|Any CPU.Build.0 = Release|Any CPU
	EndGlobalSection
	GlobalSection(SolutionProperties) = preSolution
		HideSolutionNode = FALSE
	EndGlobalSection
	GlobalSection(ExtensibilityGlobals) = postSolution
		SolutionGuid = {997AA0BF-1D08-45C9-9B64-4A92D44FD1EE}
	EndGlobalSection
EndGlobal
